// !$*UTF8*$!
{
	archiveVersion = 1;
	classes = {
	};
	objectVersion = 54;
	objects = {

/* Begin PBXBuildFile section */
		E965D79F25E4A8D500C090F7 /* AppDelegate.swift in Sources */ = {isa = PBXBuildFile; fileRef = E965D79E25E4A8D500C090F7 /* AppDelegate.swift */; };
		E965D7A125E4A8D500C090F7 /* SceneDelegate.swift in Sources */ = {isa = PBXBuildFile; fileRef = E965D7A025E4A8D500C090F7 /* SceneDelegate.swift */; };
		E965D7A325E4A8D500C090F7 /* ContentView.swift in Sources */ = {isa = PBXBuildFile; fileRef = E965D7A225E4A8D500C090F7 /* ContentView.swift */; };
		E965D7A625E4A8D500C090F7 /* CurryFavorite.xcdatamodeld in Sources */ = {isa = PBXBuildFile; fileRef = E965D7A425E4A8D500C090F7 /* CurryFavorite.xcdatamodeld */; };
		E965D7A825E4A8D900C090F7 /* Assets.xcassets in Resources */ = {isa = PBXBuildFile; fileRef = E965D7A725E4A8D900C090F7 /* Assets.xcassets */; };
		E965D7AB25E4A8D900C090F7 /* Preview Assets.xcassets in Resources */ = {isa = PBXBuildFile; fileRef = E965D7AA25E4A8D900C090F7 /* Preview Assets.xcassets */; };
		E965D7AE25E4A8D900C090F7 /* LaunchScreen.storyboard in Resources */ = {isa = PBXBuildFile; fileRef = E965D7AC25E4A8D900C090F7 /* LaunchScreen.storyboard */; };
		E965D7B925E4A8D900C090F7 /* CurryFavoriteTests.swift in Sources */ = {isa = PBXBuildFile; fileRef = E965D7B825E4A8D900C090F7 /* CurryFavoriteTests.swift */; };
		E965D7C425E4A8D900C090F7 /* CurryFavoriteUITests.swift in Sources */ = {isa = PBXBuildFile; fileRef = E965D7C325E4A8D900C090F7 /* CurryFavoriteUITests.swift */; };
/* End PBXBuildFile section */

/* Begin PBXContainerItemProxy section */
		E965D7B525E4A8D900C090F7 /* PBXContainerItemProxy */ = {
			isa = PBXContainerItemProxy;
			containerPortal = E965D79325E4A8D500C090F7 /* Project object */;
			proxyType = 1;
			remoteGlobalIDString = E965D79A25E4A8D500C090F7;
			remoteInfo = CurryFavorite;
		};
		E965D7C025E4A8D900C090F7 /* PBXContainerItemProxy */ = {
			isa = PBXContainerItemProxy;
			containerPortal = E965D79325E4A8D500C090F7 /* Project object */;
			proxyType = 1;
			remoteGlobalIDString = E965D79A25E4A8D500C090F7;
			remoteInfo = CurryFavorite;
		};
/* End PBXContainerItemProxy section */

/* Begin PBXFileReference section */
		E965D79B25E4A8D500C090F7 /* CurryFavorite.app */ = {isa = PBXFileReference; explicitFileType = wrapper.application; includeInIndex = 0; path = CurryFavorite.app; sourceTree = BUILT_PRODUCTS_DIR; };
		E965D79E25E4A8D500C090F7 /* AppDelegate.swift */ = {isa = PBXFileReference; lastKnownFileType = sourcecode.swift; path = AppDelegate.swift; sourceTree = "<group>"; };
		E965D7A025E4A8D500C090F7 /* SceneDelegate.swift */ = {isa = PBXFileReference; lastKnownFileType = sourcecode.swift; path = SceneDelegate.swift; sourceTree = "<group>"; };
		E965D7A225E4A8D500C090F7 /* ContentView.swift */ = {isa = PBXFileReference; lastKnownFileType = sourcecode.swift; path = ContentView.swift; sourceTree = "<group>"; };
		E965D7A525E4A8D500C090F7 /* CurryFavorite.xcdatamodel */ = {isa = PBXFileReference; lastKnownFileType = wrapper.xcdatamodel; path = CurryFavorite.xcdatamodel; sourceTree = "<group>"; };
		E965D7A725E4A8D900C090F7 /* Assets.xcassets */ = {isa = PBXFileReference; lastKnownFileType = folder.assetcatalog; path = Assets.xcassets; sourceTree = "<group>"; };
		E965D7AA25E4A8D900C090F7 /* Preview Assets.xcassets */ = {isa = PBXFileReference; lastKnownFileType = folder.assetcatalog; path = "Preview Assets.xcassets"; sourceTree = "<group>"; };
		E965D7AD25E4A8D900C090F7 /* Base */ = {isa = PBXFileReference; lastKnownFileType = file.storyboard; name = Base; path = Base.lproj/LaunchScreen.storyboard; sourceTree = "<group>"; };
		E965D7AF25E4A8D900C090F7 /* Info.plist */ = {isa = PBXFileReference; lastKnownFileType = text.plist.xml; path = Info.plist; sourceTree = "<group>"; };
		E965D7B425E4A8D900C090F7 /* CurryFavoriteTests.xctest */ = {isa = PBXFileReference; explicitFileType = wrapper.cfbundle; includeInIndex = 0; path = CurryFavoriteTests.xctest; sourceTree = BUILT_PRODUCTS_DIR; };
		E965D7B825E4A8D900C090F7 /* CurryFavoriteTests.swift */ = {isa = PBXFileReference; lastKnownFileType = sourcecode.swift; path = CurryFavoriteTests.swift; sourceTree = "<group>"; };
		E965D7BA25E4A8D900C090F7 /* Info.plist */ = {isa = PBXFileReference; lastKnownFileType = text.plist.xml; path = Info.plist; sourceTree = "<group>"; };
		E965D7BF25E4A8D900C090F7 /* CurryFavoriteUITests.xctest */ = {isa = PBXFileReference; explicitFileType = wrapper.cfbundle; includeInIndex = 0; path = CurryFavoriteUITests.xctest; sourceTree = BUILT_PRODUCTS_DIR; };
		E965D7C325E4A8D900C090F7 /* CurryFavoriteUITests.swift */ = {isa = PBXFileReference; lastKnownFileType = sourcecode.swift; path = CurryFavoriteUITests.swift; sourceTree = "<group>"; };
		E965D7C525E4A8D900C090F7 /* Info.plist */ = {isa = PBXFileReference; lastKnownFileType = text.plist.xml; path = Info.plist; sourceTree = "<group>"; };
/* End PBXFileReference section */

/* Begin PBXFrameworksBuildPhase section */
		E965D79825E4A8D500C090F7 /* Frameworks */ = {
			isa = PBXFrameworksBuildPhase;
			buildActionMask = 2147483647;
			files = (
			);
			runOnlyForDeploymentPostprocessing = 0;
		};
		E965D7B125E4A8D900C090F7 /* Frameworks */ = {
			isa = PBXFrameworksBuildPhase;
			buildActionMask = 2147483647;
			files = (
			);
			runOnlyForDeploymentPostprocessing = 0;
		};
		E965D7BC25E4A8D900C090F7 /* Frameworks */ = {
			isa = PBXFrameworksBuildPhase;
			buildActionMask = 2147483647;
			files = (
			);
			runOnlyForDeploymentPostprocessing = 0;
		};
/* End PBXFrameworksBuildPhase section */

/* Begin PBXGroup section */
		E965D79225E4A8D500C090F7 = {
			isa = PBXGroup;
			children = (
				E965D79D25E4A8D500C090F7 /* CurryFavorite */,
				E965D7B725E4A8D900C090F7 /* CurryFavoriteTests */,
				E965D7C225E4A8D900C090F7 /* CurryFavoriteUITests */,
				E965D79C25E4A8D500C090F7 /* Products */,
			);
			sourceTree = "<group>";
		};
		E965D79C25E4A8D500C090F7 /* Products */ = {
			isa = PBXGroup;
			children = (
				E965D79B25E4A8D500C090F7 /* CurryFavorite.app */,
				E965D7B425E4A8D900C090F7 /* CurryFavoriteTests.xctest */,
				E965D7BF25E4A8D900C090F7 /* CurryFavoriteUITests.xctest */,
			);
			name = Products;
			sourceTree = "<group>";
		};
		E965D79D25E4A8D500C090F7 /* CurryFavorite */ = {
			isa = PBXGroup;
			children = (
				E965D79E25E4A8D500C090F7 /* AppDelegate.swift */,
				E965D7A025E4A8D500C090F7 /* SceneDelegate.swift */,
				E965D7A225E4A8D500C090F7 /* ContentView.swift */,
				E965D7A725E4A8D900C090F7 /* Assets.xcassets */,
				E965D7AC25E4A8D900C090F7 /* LaunchScreen.storyboard */,
				E965D7AF25E4A8D900C090F7 /* Info.plist */,
				E965D7A425E4A8D500C090F7 /* CurryFavorite.xcdatamodeld */,
				E965D7A925E4A8D900C090F7 /* Preview Content */,
			);
			path = CurryFavorite;
			sourceTree = "<group>";
		};
		E965D7A925E4A8D900C090F7 /* Preview Content */ = {
			isa = PBXGroup;
			children = (
				E965D7AA25E4A8D900C090F7 /* Preview Assets.xcassets */,
			);
			path = "Preview Content";
			sourceTree = "<group>";
		};
		E965D7B725E4A8D900C090F7 /* CurryFavoriteTests */ = {
			isa = PBXGroup;
			children = (
				E965D7B825E4A8D900C090F7 /* CurryFavoriteTests.swift */,
				E965D7BA25E4A8D900C090F7 /* Info.plist */,
			);
			path = CurryFavoriteTests;
			sourceTree = "<group>";
		};
		E965D7C225E4A8D900C090F7 /* CurryFavoriteUITests */ = {
			isa = PBXGroup;
			children = (
				E965D7C325E4A8D900C090F7 /* CurryFavoriteUITests.swift */,
				E965D7C525E4A8D900C090F7 /* Info.plist */,
			);
			path = CurryFavoriteUITests;
			sourceTree = "<group>";
		};
/* End PBXGroup section */

/* Begin PBXNativeTarget section */
		E965D79A25E4A8D500C090F7 /* CurryFavorite */ = {
			isa = PBXNativeTarget;
			buildConfigurationList = E965D7C825E4A8D900C090F7 /* Build configuration list for PBXNativeTarget "CurryFavorite" */;
			buildPhases = (
				E965D79725E4A8D500C090F7 /* Sources */,
				E965D79825E4A8D500C090F7 /* Frameworks */,
				E965D79925E4A8D500C090F7 /* Resources */,
			);
			buildRules = (
			);
			dependencies = (
			);
			name = CurryFavorite;
			productName = CurryFavorite;
			productReference = E965D79B25E4A8D500C090F7 /* CurryFavorite.app */;
			productType = "com.apple.product-type.application";
		};
		E965D7B325E4A8D900C090F7 /* CurryFavoriteTests */ = {
			isa = PBXNativeTarget;
			buildConfigurationList = E965D7CB25E4A8D900C090F7 /* Build configuration list for PBXNativeTarget "CurryFavoriteTests" */;
			buildPhases = (
				E965D7B025E4A8D900C090F7 /* Sources */,
				E965D7B125E4A8D900C090F7 /* Frameworks */,
				E965D7B225E4A8D900C090F7 /* Resources */,
			);
			buildRules = (
			);
			dependencies = (
				E965D7B625E4A8D900C090F7 /* PBXTargetDependency */,
			);
			name = CurryFavoriteTests;
			productName = CurryFavoriteTests;
			productReference = E965D7B425E4A8D900C090F7 /* CurryFavoriteTests.xctest */;
			productType = "com.apple.product-type.bundle.unit-test";
		};
		E965D7BE25E4A8D900C090F7 /* CurryFavoriteUITests */ = {
			isa = PBXNativeTarget;
			buildConfigurationList = E965D7CE25E4A8D900C090F7 /* Build configuration list for PBXNativeTarget "CurryFavoriteUITests" */;
			buildPhases = (
				E965D7BB25E4A8D900C090F7 /* Sources */,
				E965D7BC25E4A8D900C090F7 /* Frameworks */,
				E965D7BD25E4A8D900C090F7 /* Resources */,
			);
			buildRules = (
			);
			dependencies = (
				E965D7C125E4A8D900C090F7 /* PBXTargetDependency */,
			);
			name = CurryFavoriteUITests;
			productName = CurryFavoriteUITests;
			productReference = E965D7BF25E4A8D900C090F7 /* CurryFavoriteUITests.xctest */;
			productType = "com.apple.product-type.bundle.ui-testing";
		};
/* End PBXNativeTarget section */

/* Begin PBXProject section */
		E965D79325E4A8D500C090F7 /* Project object */ = {
			isa = PBXProject;
			attributes = {
				LastSwiftUpdateCheck = 1240;
				LastUpgradeCheck = 1240;
				TargetAttributes = {
					E965D79A25E4A8D500C090F7 = {
						CreatedOnToolsVersion = 12.4;
					};
					E965D7B325E4A8D900C090F7 = {
						CreatedOnToolsVersion = 12.4;
						TestTargetID = E965D79A25E4A8D500C090F7;
					};
					E965D7BE25E4A8D900C090F7 = {
						CreatedOnToolsVersion = 12.4;
						TestTargetID = E965D79A25E4A8D500C090F7;
					};
				};
			};
			buildConfigurationList = E965D79625E4A8D500C090F7 /* Build configuration list for PBXProject "CurryFavorite" */;
			compatibilityVersion = "Xcode 12.0";
			developmentRegion = en;
			hasScannedForEncodings = 0;
			knownRegions = (
				en,
				Base,
			);
			mainGroup = E965D79225E4A8D500C090F7;
			productRefGroup = E965D79C25E4A8D500C090F7 /* Products */;
			projectDirPath = "";
			projectRoot = "";
			targets = (
				E965D79A25E4A8D500C090F7 /* CurryFavorite */,
				E965D7B325E4A8D900C090F7 /* CurryFavoriteTests */,
				E965D7BE25E4A8D900C090F7 /* CurryFavoriteUITests */,
			);
		};
/* End PBXProject section */

/* Begin PBXResourcesBuildPhase section */
		E965D79925E4A8D500C090F7 /* Resources */ = {
			isa = PBXResourcesBuildPhase;
			buildActionMask = 2147483647;
			files = (
				E965D7AE25E4A8D900C090F7 /* LaunchScreen.storyboard in Resources */,
				E965D7AB25E4A8D900C090F7 /* Preview Assets.xcassets in Resources */,
				E965D7A825E4A8D900C090F7 /* Assets.xcassets in Resources */,
			);
			runOnlyForDeploymentPostprocessing = 0;
		};
		E965D7B225E4A8D900C090F7 /* Resources */ = {
			isa = PBXResourcesBuildPhase;
			buildActionMask = 2147483647;
			files = (
			);
			runOnlyForDeploymentPostprocessing = 0;
		};
		E965D7BD25E4A8D900C090F7 /* Resources */ = {
			isa = PBXResourcesBuildPhase;
			buildActionMask = 2147483647;
			files = (
			);
			runOnlyForDeploymentPostprocessing = 0;
		};
/* End PBXResourcesBuildPhase section */

/* Begin PBXSourcesBuildPhase section */
		E965D79725E4A8D500C090F7 /* Sources */ = {
			isa = PBXSourcesBuildPhase;
			buildActionMask = 2147483647;
			files = (
				E965D79F25E4A8D500C090F7 /* AppDelegate.swift in Sources */,
				E965D7A125E4A8D500C090F7 /* SceneDelegate.swift in Sources */,
				E965D7A325E4A8D500C090F7 /* ContentView.swift in Sources */,
				E965D7A625E4A8D500C090F7 /* CurryFavorite.xcdatamodeld in Sources */,
			);
			runOnlyForDeploymentPostprocessing = 0;
		};
		E965D7B025E4A8D900C090F7 /* Sources */ = {
			isa = PBXSourcesBuildPhase;
			buildActionMask = 2147483647;
			files = (
				E965D7B925E4A8D900C090F7 /* CurryFavoriteTests.swift in Sources */,
			);
			runOnlyForDeploymentPostprocessing = 0;
		};
		E965D7BB25E4A8D900C090F7 /* Sources */ = {
			isa = PBXSourcesBuildPhase;
			buildActionMask = 2147483647;
			files = (
				E965D7C425E4A8D900C090F7 /* CurryFavoriteUITests.swift in Sources */,
			);
			runOnlyForDeploymentPostprocessing = 0;
		};
/* End PBXSourcesBuildPhase section */

/* Begin PBXTargetDependency section */
		E965D7B625E4A8D900C090F7 /* PBXTargetDependency */ = {
			isa = PBXTargetDependency;
			target = E965D79A25E4A8D500C090F7 /* CurryFavorite */;
			targetProxy = E965D7B525E4A8D900C090F7 /* PBXContainerItemProxy */;
		};
		E965D7C125E4A8D900C090F7 /* PBXTargetDependency */ = {
			isa = PBXTargetDependency;
			target = E965D79A25E4A8D500C090F7 /* CurryFavorite */;
			targetProxy = E965D7C025E4A8D900C090F7 /* PBXContainerItemProxy */;
		};
/* End PBXTargetDependency section */

/* Begin PBXVariantGroup section */
		E965D7AC25E4A8D900C090F7 /* LaunchScreen.storyboard */ = {
			isa = PBXVariantGroup;
			children = (
				E965D7AD25E4A8D900C090F7 /* Base */,
			);
			name = LaunchScreen.storyboard;
			sourceTree = "<group>";
		};
/* End PBXVariantGroup section */

/* Begin XCBuildConfiguration section */
		E965D7C625E4A8D900C090F7 /* Debug */ = {
			isa = XCBuildConfiguration;
			buildSettings = {
				ALWAYS_SEARCH_USER_PATHS = NO;
				CLANG_ANALYZER_NONNULL = YES;
				CLANG_ANALYZER_NUMBER_OBJECT_CONVERSION = YES_AGGRESSIVE;
				CLANG_CXX_LANGUAGE_STANDARD = "gnu++14";
				CLANG_CXX_LIBRARY = "libc++";
				CLANG_ENABLE_MODULES = YES;
				CLANG_ENABLE_OBJC_ARC = YES;
				CLANG_ENABLE_OBJC_WEAK = YES;
				CLANG_WARN_BLOCK_CAPTURE_AUTORELEASING = YES;
				CLANG_WARN_BOOL_CONVERSION = YES;
				CLANG_WARN_COMMA = YES;
				CLANG_WARN_CONSTANT_CONVERSION = YES;
				CLANG_WARN_DEPRECATED_OBJC_IMPLEMENTATIONS = YES;
				CLANG_WARN_DIRECT_OBJC_ISA_USAGE = YES_ERROR;
				CLANG_WARN_DOCUMENTATION_COMMENTS = YES;
				CLANG_WARN_EMPTY_BODY = YES;
				CLANG_WARN_ENUM_CONVERSION = YES;
				CLANG_WARN_INFINITE_RECURSION = YES;
				CLANG_WARN_INT_CONVERSION = YES;
				CLANG_WARN_NON_LITERAL_NULL_CONVERSION = YES;
				CLANG_WARN_OBJC_IMPLICIT_RETAIN_SELF = YES;
				CLANG_WARN_OBJC_LITERAL_CONVERSION = YES;
				CLANG_WARN_OBJC_ROOT_CLASS = YES_ERROR;
				CLANG_WARN_QUOTED_INCLUDE_IN_FRAMEWORK_HEADER = YES;
				CLANG_WARN_RANGE_LOOP_ANALYSIS = YES;
				CLANG_WARN_STRICT_PROTOTYPES = YES;
				CLANG_WARN_SUSPICIOUS_MOVE = YES;
				CLANG_WARN_UNGUARDED_AVAILABILITY = YES_AGGRESSIVE;
				CLANG_WARN_UNREACHABLE_CODE = YES;
				CLANG_WARN__DUPLICATE_METHOD_MATCH = YES;
				COPY_PHASE_STRIP = NO;
				DEBUG_INFORMATION_FORMAT = dwarf;
				ENABLE_STRICT_OBJC_MSGSEND = YES;
				ENABLE_TESTABILITY = YES;
				GCC_C_LANGUAGE_STANDARD = gnu11;
				GCC_DYNAMIC_NO_PIC = NO;
				GCC_NO_COMMON_BLOCKS = YES;
				GCC_OPTIMIZATION_LEVEL = 0;
				GCC_PREPROCESSOR_DEFINITIONS = (
					"DEBUG=1",
					"$(inherited)",
				);
				GCC_WARN_64_TO_32_BIT_CONVERSION = YES;
				GCC_WARN_ABOUT_RETURN_TYPE = YES_ERROR;
				GCC_WARN_UNDECLARED_SELECTOR = YES;
				GCC_WARN_UNINITIALIZED_AUTOS = YES_AGGRESSIVE;
				GCC_WARN_UNUSED_FUNCTION = YES;
				GCC_WARN_UNUSED_VARIABLE = YES;
				IPHONEOS_DEPLOYMENT_TARGET = 14.4;
				MTL_ENABLE_DEBUG_INFO = INCLUDE_SOURCE;
				MTL_FAST_MATH = YES;
				ONLY_ACTIVE_ARCH = YES;
				SDKROOT = iphoneos;
				SWIFT_ACTIVE_COMPILATION_CONDITIONS = DEBUG;
				SWIFT_OPTIMIZATION_LEVEL = "-Onone";
			};
			name = Debug;
		};
		E965D7C725E4A8D900C090F7 /* Release */ = {
			isa = XCBuildConfiguration;
			buildSettings = {
				ALWAYS_SEARCH_USER_PATHS = NO;
				CLANG_ANALYZER_NONNULL = YES;
				CLANG_ANALYZER_NUMBER_OBJECT_CONVERSION = YES_AGGRESSIVE;
				CLANG_CXX_LANGUAGE_STANDARD = "gnu++14";
				CLANG_CXX_LIBRARY = "libc++";
				CLANG_ENABLE_MODULES = YES;
				CLANG_ENABLE_OBJC_ARC = YES;
				CLANG_ENABLE_OBJC_WEAK = YES;
				CLANG_WARN_BLOCK_CAPTURE_AUTORELEASING = YES;
				CLANG_WARN_BOOL_CONVERSION = YES;
				CLANG_WARN_COMMA = YES;
				CLANG_WARN_CONSTANT_CONVERSION = YES;
				CLANG_WARN_DEPRECATED_OBJC_IMPLEMENTATIONS = YES;
				CLANG_WARN_DIRECT_OBJC_ISA_USAGE = YES_ERROR;
				CLANG_WARN_DOCUMENTATION_COMMENTS = YES;
				CLANG_WARN_EMPTY_BODY = YES;
				CLANG_WARN_ENUM_CONVERSION = YES;
				CLANG_WARN_INFINITE_RECURSION = YES;
				CLANG_WARN_INT_CONVERSION = YES;
				CLANG_WARN_NON_LITERAL_NULL_CONVERSION = YES;
				CLANG_WARN_OBJC_IMPLICIT_RETAIN_SELF = YES;
				CLANG_WARN_OBJC_LITERAL_CONVERSION = YES;
				CLANG_WARN_OBJC_ROOT_CLASS = YES_ERROR;
				CLANG_WARN_QUOTED_INCLUDE_IN_FRAMEWORK_HEADER = YES;
				CLANG_WARN_RANGE_LOOP_ANALYSIS = YES;
				CLANG_WARN_STRICT_PROTOTYPES = YES;
				CLANG_WARN_SUSPICIOUS_MOVE = YES;
				CLANG_WARN_UNGUARDED_AVAILABILITY = YES_AGGRESSIVE;
				CLANG_WARN_UNREACHABLE_CODE = YES;
				CLANG_WARN__DUPLICATE_METHOD_MATCH = YES;
				COPY_PHASE_STRIP = NO;
				DEBUG_INFORMATION_FORMAT = "dwarf-with-dsym";
				ENABLE_NS_ASSERTIONS = NO;
				ENABLE_STRICT_OBJC_MSGSEND = YES;
				GCC_C_LANGUAGE_STANDARD = gnu11;
				GCC_NO_COMMON_BLOCKS = YES;
				GCC_WARN_64_TO_32_BIT_CONVERSION = YES;
				GCC_WARN_ABOUT_RETURN_TYPE = YES_ERROR;
				GCC_WARN_UNDECLARED_SELECTOR = YES;
				GCC_WARN_UNINITIALIZED_AUTOS = YES_AGGRESSIVE;
				GCC_WARN_UNUSED_FUNCTION = YES;
				GCC_WARN_UNUSED_VARIABLE = YES;
				IPHONEOS_DEPLOYMENT_TARGET = 14.4;
				MTL_ENABLE_DEBUG_INFO = NO;
				MTL_FAST_MATH = YES;
				SDKROOT = iphoneos;
				SWIFT_COMPILATION_MODE = wholemodule;
				SWIFT_OPTIMIZATION_LEVEL = "-O";
				VALIDATE_PRODUCT = YES;
			};
			name = Release;
		};
		E965D7C925E4A8D900C090F7 /* Debug */ = {
			isa = XCBuildConfiguration;
			buildSettings = {
				ASSETCATALOG_COMPILER_APPICON_NAME = AppIcon;
				ASSETCATALOG_COMPILER_GLOBAL_ACCENT_COLOR_NAME = AccentColor;
				CODE_SIGN_IDENTITY = "iPhone Developer";
				CODE_SIGN_STYLE = Manual;
				DEVELOPMENT_ASSET_PATHS = "\"CurryFavorite/Preview Content\"";
				DEVELOPMENT_TEAM = VPAB2JH6FS;
				ENABLE_PREVIEWS = YES;
				INFOPLIST_FILE = CurryFavorite/Info.plist;
				LD_RUNPATH_SEARCH_PATHS = (
					"$(inherited)",
					"@executable_path/Frameworks",
				);
				PRODUCT_BUNDLE_IDENTIFIER = ketch824.CurryFavorite;
				PRODUCT_NAME = "$(TARGET_NAME)";
				PROVISIONING_PROFILE_SPECIFIER = ketch824Wildcard;
				SWIFT_VERSION = 5.0;
				TARGETED_DEVICE_FAMILY = "1,2";
			};
			name = Debug;
		};
		E965D7CA25E4A8D900C090F7 /* Release */ = {
			isa = XCBuildConfiguration;
			buildSettings = {
				ASSETCATALOG_COMPILER_APPICON_NAME = AppIcon;
				ASSETCATALOG_COMPILER_GLOBAL_ACCENT_COLOR_NAME = AccentColor;
				CODE_SIGN_STYLE = Automatic;
				DEVELOPMENT_ASSET_PATHS = "\"CurryFavorite/Preview Content\"";
				DEVELOPMENT_TEAM = VPAB2JH6FS;
				ENABLE_PREVIEWS = YES;
				INFOPLIST_FILE = CurryFavorite/Info.plist;
				LD_RUNPATH_SEARCH_PATHS = (
					"$(inherited)",
					"@executable_path/Frameworks",
				);
				PRODUCT_BUNDLE_IDENTIFIER = ketch824.CurryFavorite;
				PRODUCT_NAME = "$(TARGET_NAME)";
				SWIFT_VERSION = 5.0;
				TARGETED_DEVICE_FAMILY = "1,2";
			};
			name = Release;
		};
		E965D7CC25E4A8D900C090F7 /* Debug */ = {
			isa = XCBuildConfiguration;
			buildSettings = {
				ALWAYS_EMBED_SWIFT_STANDARD_LIBRARIES = YES;
				BUNDLE_LOADER = "$(TEST_HOST)";
				CODE_SIGN_STYLE = Automatic;
				DEVELOPMENT_TEAM = VPAB2JH6FS;
				INFOPLIST_FILE = CurryFavoriteTests/Info.plist;
				IPHONEOS_DEPLOYMENT_TARGET = 14.4;
				LD_RUNPATH_SEARCH_PATHS = (
					"$(inherited)",
					"@executable_path/Frameworks",
					"@loader_path/Frameworks",
				);
				PRODUCT_BUNDLE_IDENTIFIER = ketch824.CurryFavoriteTests;
				PRODUCT_NAME = "$(TARGET_NAME)";
				SWIFT_VERSION = 5.0;
				TARGETED_DEVICE_FAMILY = "1,2";
				TEST_HOST = "$(BUILT_PRODUCTS_DIR)/CurryFavorite.app/CurryFavorite";
			};
			name = Debug;
		};
		E965D7CD25E4A8D900C090F7 /* Release */ = {
			isa = XCBuildConfiguration;
			buildSettings = {
				ALWAYS_EMBED_SWIFT_STANDARD_LIBRARIES = YES;
				BUNDLE_LOADER = "$(TEST_HOST)";
				CODE_SIGN_STYLE = Automatic;
				DEVELOPMENT_TEAM = VPAB2JH6FS;
				INFOPLIST_FILE = CurryFavoriteTests/Info.plist;
				IPHONEOS_DEPLOYMENT_TARGET = 14.4;
				LD_RUNPATH_SEARCH_PATHS = (
					"$(inherited)",
					"@executable_path/Frameworks",
					"@loader_path/Frameworks",
				);
				PRODUCT_BUNDLE_IDENTIFIER = ketch824.CurryFavoriteTests;
				PRODUCT_NAME = "$(TARGET_NAME)";
				SWIFT_VERSION = 5.0;
				TARGETED_DEVICE_FAMILY = "1,2";
				TEST_HOST = "$(BUILT_PRODUCTS_DIR)/CurryFavorite.app/CurryFavorite";
			};
			name = Release;
		};
		E965D7CF25E4A8D900C090F7 /* Debug */ = {
			isa = XCBuildConfiguration;
			buildSettings = {
				ALWAYS_EMBED_SWIFT_STANDARD_LIBRARIES = YES;
				CODE_SIGN_STYLE = Automatic;
				DEVELOPMENT_TEAM = VPAB2JH6FS;
				INFOPLIST_FILE = CurryFavoriteUITests/Info.plist;
				LD_RUNPATH_SEARCH_PATHS = (
					"$(inherited)",
					"@executable_path/Frameworks",
					"@loader_path/Frameworks",
				);
				PRODUCT_BUNDLE_IDENTIFIER = ketch824.CurryFavoriteUITests;
				PRODUCT_NAME = "$(TARGET_NAME)";
				SWIFT_VERSION = 5.0;
				TARGETED_DEVICE_FAMILY = "1,2";
				TEST_TARGET_NAME = CurryFavorite;
			};
			name = Debug;
		};
		E965D7D025E4A8D900C090F7 /* Release */ = {
			isa = XCBuildConfiguration;
			buildSettings = {
				ALWAYS_EMBED_SWIFT_STANDARD_LIBRARIES = YES;
				CODE_SIGN_STYLE = Automatic;
				DEVELOPMENT_TEAM = VPAB2JH6FS;
				INFOPLIST_FILE = CurryFavoriteUITests/Info.plist;
				LD_RUNPATH_SEARCH_PATHS = (
					"$(inherited)",
					"@executable_path/Frameworks",
					"@loader_path/Frameworks",
				);
				PRODUCT_BUNDLE_IDENTIFIER = ketch824.CurryFavoriteUITests;
				PRODUCT_NAME = "$(TARGET_NAME)";
				SWIFT_VERSION = 5.0;
				TARGETED_DEVICE_FAMILY = "1,2";
				TEST_TARGET_NAME = CurryFavorite;
			};
			name = Release;
		};
/* End XCBuildConfiguration section */

/* Begin XCConfigurationList section */
		E965D79625E4A8D500C090F7 /* Build configuration list for PBXProject "CurryFavorite" */ = {
			isa = XCConfigurationList;
			buildConfigurations = (
				E965D7C625E4A8D900C090F7 /* Debug */,
				E965D7C725E4A8D900C090F7 /* Release */,
			);
			defaultConfigurationIsVisible = 0;
			defaultConfigurationName = Release;
		};
		E965D7C825E4A8D900C090F7 /* Build configuration list for PBXNativeTarget "CurryFavorite" */ = {
			isa = XCConfigurationList;
			buildConfigurations = (
				E965D7C925E4A8D900C090F7 /* Debug */,
				E965D7CA25E4A8D900C090F7 /* Release */,
			);
			defaultConfigurationIsVisible = 0;
			defaultConfigurationName = Release;
		};
		E965D7CB25E4A8D900C090F7 /* Build configuration list for PBXNativeTarget "CurryFavoriteTests" */ = {
			isa = XCConfigurationList;
			buildConfigurations = (
				E965D7CC25E4A8D900C090F7 /* Debug */,
				E965D7CD25E4A8D900C090F7 /* Release */,
			);
			defaultConfigurationIsVisible = 0;
			defaultConfigurationName = Release;
		};
		E965D7CE25E4A8D900C090F7 /* Build configuration list for PBXNativeTarget "CurryFavoriteUITests" */ = {
			isa = XCConfigurationList;
			buildConfigurations = (
				E965D7CF25E4A8D900C090F7 /* Debug */,
				E965D7D025E4A8D900C090F7 /* Release */,
			);
			defaultConfigurationIsVisible = 0;
			defaultConfigurationName = Release;
		};
/* End XCConfigurationList section */

/* Begin XCVersionGroup section */
		E965D7A425E4A8D500C090F7 /* CurryFavorite.xcdatamodeld */ = {
			isa = XCVersionGroup;
			children = (
				E965D7A525E4A8D500C090F7 /* CurryFavorite.xcdatamodel */,
			);
			currentVersion = E965D7A525E4A8D500C090F7 /* CurryFavorite.xcdatamodel */;
			path = CurryFavorite.xcdatamodeld;
			sourceTree = "<group>";
			versionGroupType = wrapper.xcdatamodel;
		};
/* End XCVersionGroup section */
	};
	rootObject = E965D79325E4A8D500C090F7 /* Project object */;
}
